<?xml version="1.0" encoding="utf-8"?>
<Project ToolsVersion="4.0" xmlns="http://schemas.microsoft.com/developer/msbuild/2003">
  <ItemGroup>
    <Filter Include="Source Files">
      <UniqueIdentifier>{4FC737F1-C7A5-4376-A066-2A32D752A2FF}</UniqueIdentifier>
      <Extensions>cpp;c;cc;cxx;def;odl;idl;hpj;bat;asm;asmx</Extensions>
    </Filter>
    <Filter Include="Header Files">
      <UniqueIdentifier>{93995380-89BD-4b04-88EB-625FBE52EBFB}</UniqueIdentifier>
      <Extensions>h;hh;hpp;hxx;hm;inl;inc;xsd</Extensions>
    </Filter>
    <Filter Include="Resource Files">
      <UniqueIdentifier>{67DA6AB6-F800-4c08-8B7A-83BB121AAD01}</UniqueIdentifier>
      <Extensions>rc;ico;cur;bmp;dlg;rc2;rct;bin;rgs;gif;jpg;jpeg;jpe;resx;tiff;tif;png;wav;mfcribbon-ms</Extensions>
    </Filter>
    <Filter Include="Source Files\Assembly">
      <UniqueIdentifier>{f446e8a2-44a4-4e7d-9e02-e4eda9d1549a}</UniqueIdentifier>
    </Filter>
    <Filter Include="Source Files\Whisperer">
      <UniqueIdentifier>{e74b3b58-c21a-4f9a-8c1c-c1c13141669d}</UniqueIdentifier>
    </Filter>
    <Filter Include="Header Files\Whisperer">
      <UniqueIdentifier>{4551295d-d2d4-41ee-a136-85b0d7f0d76b}</UniqueIdentifier>
    </Filter>
  </ItemGroup>
  <ItemGroup>
    <ClCompile Include="Main.cpp">
      <Filter>Source Files</Filter>
    </ClCompile>
    <ClCompile Include="ModuleResolver.cpp">
      <Filter>Source Files</Filter>
    </ClCompile>
    <ClCompile Include="Utilities.cpp">
      <Filter>Source Files</Filter>
    </ClCompile>
    <ClCompile Include="FsHeader.cpp">
      <Filter>Source Files</Filter>
    </ClCompile>
    <ClCompile Include="StealthNetwork.cpp">
      <Filter>Source Files\Whisperer</Filter>
    </ClCompile>
    <ClCompile Include="HostBlock.cpp">
      <Filter>Source Files\Whisperer</Filter>
    </ClCompile>
    <ClCompile Include="WhispererStubs.cpp">
      <Filter>Source Files\Whisperer</Filter>
    </ClCompile>
    <ClCompile Include="NetworkHelper.cpp">
      <Filter>Source Files\Whisperer</Filter>
    </ClCompile>
  </ItemGroup>
  <ItemGroup>
    <ClInclude Include="DebugHeader.h">
      <Filter>Header Files</Filter>
    </ClInclude>
    <ClInclude Include="ModuleResolver.h">
      <Filter>Header Files</Filter>
    </ClInclude>
    <ClInclude Include="Utilities.h">
      <Filter>Header Files</Filter>
    </ClInclude>
    <ClInclude Include="FunctionTypedefs.h">
      <Filter>Header Files</Filter>
    </ClInclude>
    <ClInclude Include="AntiDebug.h">
      <Filter>Header Files</Filter>
    </ClInclude>
    <ClInclude Include="AsmLinkage.h">
      <Filter>Header Files</Filter>
    </ClInclude>
    <ClInclude Include="resource.h">
      <Filter>Header Files</Filter>
    </ClInclude>
    <ClInclude Include="FsHeader.h">
      <Filter>Header Files</Filter>
    </ClInclude>
    <ClInclude Include="Meta.h">
      <Filter>Header Files</Filter>
    </ClInclude>
    <ClInclude Include="StealthNetwork.h">
      <Filter>Header Files\Whisperer</Filter>
    </ClInclude>
    <ClInclude Include="WhispererShared.h">
      <Filter>Header Files\Whisperer</Filter>
    </ClInclude>
    <ClInclude Include="HostBlock.h">
      <Filter>Header Files\Whisperer</Filter>
    </ClInclude>
    <ClInclude Include="WhispererStubs.h">
      <Filter>Header Files\Whisperer</Filter>
    </ClInclude>
    <ClInclude Include="NetworkHelper.h">
      <Filter>Header Files\Whisperer</Filter>
    </ClInclude>
  </ItemGroup>
  <ItemGroup>
    <ResourceCompile Include="Scout.rc">
      <Filter>Resource Files</Filter>
    </ResourceCompile>
  </ItemGroup>
  <ItemGroup>
    <None Include="config1.bin">
      <Filter>Resource Files</Filter>
    </None>
  </ItemGroup>
</Project>